
Microsoft Visual Studio Solution File, Format Version 12.00
# Visual Studio Version 17
VisualStudioVersion = 17.9.34728.123
MinimumVisualStudioVersion = 10.0.40219.1
Project("{FAE04EC0-301F-11D3-BF4B-00C04F79EFBC}") = "Lesson_6", "Lesson_6.csproj", "{8F2C1B64-2762-4FA3-AC9A-0184629AB10D}"
EndProject
Global
	GlobalSection(SolutionConfigurationPlatforms) = preSolution
		Debug|Any CPU = Debug|Any CPU
		Release|Any CPU = Release|Any CPU
	EndGlobalSection
	GlobalSection(ProjectConfigurationPlatforms) = postSolution
		{8F2C1B64-2762-4FA3-AC9A-0184629AB10D}.Debug|Any CPU.ActiveCfg = Debug|Any CPU
		{8F2C1B64-2762-4FA3-AC9A-0184629AB10D}.Debug|Any CPU.Build.0 = Debug|Any CPU
		{8F2C1B64-2762-4FA3-AC9A-0184629AB10D}.Release|Any CPU.ActiveCfg = Release|Any CPU
		{8F2C1B64-2762-4FA3-AC9A-0184629AB10D}.Release|Any CPU.Build.0 = Release|Any CPU
	EndGlobalSection
	GlobalSection(SolutionProperties) = preSolution
		HideSolutionNode = FALSE
	EndGlobalSection
	GlobalSection(ExtensibilityGlobals) = postSolution
		SolutionGuid = {B07337D5-285A-449D-AE13-DF0687F0A3C5}
	EndGlobalSection
EndGlobal
